lockfileVersion: '9.0'

settings:
  autoInstallPeers: true
  excludeLinksFromLockfile: false

importers:

  .:
    dependencies:
      '@stripe/stripe-js':
        specifier: latest
        version: 9.8.0
      '@supabase/supabase-js':
        specifier: latest
        version: 2.108.1
      clsx:
        specifier: latest
        version: 2.1.1
      next:
        specifier: latest
        version: 16.2.9(@babel/core@7.29.7)(react-dom@19.2.7(react@19.2.7))(react@19.2.7)
      react:
        specifier: latest
        version: 19.2.7
      react-dom:
        specifier: latest
        version: 19.2.7(react@19.2.7)
      stripe:
        specifier: latest
        version: 22.2.0(@types/node@25.9.2)
      zod:
        specifier: latest
        version: 4.4.3
    devDependencies:
      '@eslint/js':
        specifier: ^9.39.1
        version: 9.39.4
      '@testing-library/react':
        specifier: latest
        version: 16.3.2(@testing-library/dom@10.4.1)(@types/react-dom@19.2.3(@types/react@19.2.17))(@types/react@19.2.17)(react-dom@19.2.7(react@19.2.7))(react@19.2.7)
      '@types/node':
        specifier: latest
        version: 25.9.2
      '@types/react':
        specifier: latest
        version: 19.2.17
      '@types/react-dom':
        specifier: latest
        version: 19.2.3(@types/react@19.2.17)
      autoprefixer:
        specifier: latest
        version: 10.5.0(postcss@8.5.15)
      axe-core:
        specifier: ^4.12.1
        version: 4.12.1
      eslint:
        specifier: ^9.39.1
        version: 9.39.4(jiti@1.21.7)
      eslint-config-next:
        specifier: latest
        version: 16.2.9(@typescript-eslint/parser@8.61.0(eslint@9.39.4(jiti@1.21.7))(typescript@6.0.3))(eslint@9.39.4(jiti@1.21.7))(typescript@6.0.3)
      jsdom:
        specifier: latest
        version: 29.1.1
      playwright:
        specifier: ^1.60.0
        version: 1.60.0
      postcss:
        specifier: latest
        version: 8.5.15
      tailwindcss:
        specifier: ^3.4.17
        version: 3.4.19
      typescript:
        specifier: latest
        version: 6.0.3
      vitest:
        specifier: latest
        version: 4.1.8(@types/node@25.9.2)(jsdom@29.1.1)(vite@8.0.16(@types/node@25.9.2)(jiti@1.21.7))

packages: {}
